
Microsoft Visual Studio Solution File, Format Version 12.00
# Visual Studio Version 16
VisualStudioVersion = 16.0.31424.327
MinimumVisualStudioVersion = 10.0.40219.1
Project("{FAE04EC0-301F-11D3-BF4B-00C04F79EFBC}") = "Vista", "Vista\Vista.csproj", "{856EB06C-4D7D-4E7F-8BFF-C99B7CE49CB9}"
EndProject
Project("{FAE04EC0-301F-11D3-BF4B-00C04F79EFBC}") = "Controlador", "Controlador\Controlador.csproj", "{C402C02C-9A0D-490D-8A75-378A1747B3F6}"
EndProject
Project("{FAE04EC0-301F-11D3-BF4B-00C04F79EFBC}") = "Modelo", "Modelo\Modelo.csproj", "{FE123034-6E87-4DD1-BF0F-7B95F2179053}"
EndProject
Global
	GlobalSection(SolutionConfigurationPlatforms) = preSolution
		Debug|Any CPU = Debug|Any CPU
		Release|Any CPU = Release|Any CPU
	EndGlobalSection
	GlobalSection(ProjectConfigurationPlatforms) = postSolution
		{856EB06C-4D7D-4E7F-8BFF-C99B7CE49CB9}.Debug|Any CPU.ActiveCfg = Debug|Any CPU
		{856EB06C-4D7D-4E7F-8BFF-C99B7CE49CB9}.Debug|Any CPU.Build.0 = Debug|Any CPU
		{856EB06C-4D7D-4E7F-8BFF-C99B7CE49CB9}.Release|Any CPU.ActiveCfg = Release|Any CPU
		{856EB06C-4D7D-4E7F-8BFF-C99B7CE49CB9}.Release|Any CPU.Build.0 = Release|Any CPU
		{C402C02C-9A0D-490D-8A75-378A1747B3F6}.Debug|Any CPU.ActiveCfg = Debug|Any CPU
		{C402C02C-9A0D-490D-8A75-378A1747B3F6}.Debug|Any CPU.Build.0 = Debug|Any CPU
		{C402C02C-9A0D-490D-8A75-378A1747B3F6}.Release|Any CPU.ActiveCfg = Release|Any CPU
		{C402C02C-9A0D-490D-8A75-378A1747B3F6}.Release|Any CPU.Build.0 = Release|Any CPU
		{FE123034-6E87-4DD1-BF0F-7B95F2179053}.Debug|Any CPU.ActiveCfg = Debug|Any CPU
		{FE123034-6E87-4DD1-BF0F-7B95F2179053}.Debug|Any CPU.Build.0 = Debug|Any CPU
		{FE123034-6E87-4DD1-BF0F-7B95F2179053}.Release|Any CPU.ActiveCfg = Release|Any CPU
		{FE123034-6E87-4DD1-BF0F-7B95F2179053}.Release|Any CPU.Build.0 = Release|Any CPU
	EndGlobalSection
	GlobalSection(SolutionProperties) = preSolution
		HideSolutionNode = FALSE
	EndGlobalSection
	GlobalSection(ExtensibilityGlobals) = postSolution
		SolutionGuid = {66EFD9A4-4E1E-434E-AF3B-200B11F6933F}
	EndGlobalSection
EndGlobal
